{
  "originHash" : "11bc21e4c52967f0f631ef5a109f6f67df29c0f9b619bd428675000bf69e4da2",
  "pins" : [
    {
      "identity" : "diyalogswiftpackages",
      "kind" : "remoteSourceControl",
      "location" : "https://github.com/diyalog-im/DiyalogSwiftPackages",
      "state" : {
        "branch" : "main",
        "revision" : "b8a571c2c24acf2de934fb86d39ee12096635712"
      }
    }
  ],
  "version" : 3
}
